<?xml version="1.0" encoding="utf-8"?>
<Project ToolsVersion="4.0" xmlns="http://schemas.microsoft.com/developer/msbuild/2003">
  <ItemGroup>
    <Filter Include="Pliki źródłowe">
      <UniqueIdentifier>{4FC737F1-C7A5-4376-A066-2A32D752A2FF}</UniqueIdentifier>
      <Extensions>cpp;c;cc;cxx;c++;cppm;ixx;def;odl;idl;hpj;bat;asm;asmx</Extensions>
    </Filter>
    <Filter Include="Pliki nagłówkowe">
      <UniqueIdentifier>{93995380-89BD-4b04-88EB-625FBE52EBFB}</UniqueIdentifier>
      <Extensions>h;hh;hpp;hxx;h++;hm;inl;inc;ipp;xsd</Extensions>
    </Filter>
    <Filter Include="Pliki zasobów">
      <UniqueIdentifier>{67DA6AB6-F800-4c08-8B7A-83BB121AAD01}</UniqueIdentifier>
      <Extensions>rc;ico;cur;bmp;dlg;rc2;rct;bin;rgs;gif;jpg;jpeg;jpe;resx;tiff;tif;png;wav;mfcribbon-ms</Extensions>
    </Filter>
    <Filter Include="Pliki nagłówkowe\graph_algorithms">
      <UniqueIdentifier>{c0478a26-d4c8-480a-a673-ecb78249ab30}</UniqueIdentifier>
    </Filter>
    <Filter Include="Pliki nagłówkowe\frames">
      <UniqueIdentifier>{908b6aed-f204-4430-bdc3-fc0da6757b7a}</UniqueIdentifier>
    </Filter>
    <Filter Include="Pliki nagłówkowe\backtrack_algorithms">
      <UniqueIdentifier>{f8e502a7-9cbe-4146-ad13-81f99de8ea88}</UniqueIdentifier>
    </Filter>
    <Filter Include="Pliki nagłówkowe\threads">
      <UniqueIdentifier>{3b4e1f6e-74d2-4f4c-9cbe-32e4bc81c86c}</UniqueIdentifier>
    </Filter>
    <Filter Include="Pliki nagłówkowe\app">
      <UniqueIdentifier>{60aa0484-d8a6-4ed5-aa57-4c61795063f6}</UniqueIdentifier>
    </Filter>
    <Filter Include="Pliki nagłówkowe\side_functions">
      <UniqueIdentifier>{f813457d-a439-4f1e-b2ee-19cc3186fc41}</UniqueIdentifier>
    </Filter>
    <Filter Include="Pliki źródłowe\graph_algorithms">
      <UniqueIdentifier>{99304491-42ad-43c3-bf7b-36bb921c1846}</UniqueIdentifier>
    </Filter>
    <Filter Include="Pliki źródłowe\frames">
      <UniqueIdentifier>{3a008af8-4852-46cb-955c-57a5f238381e}</UniqueIdentifier>
    </Filter>
    <Filter Include="Pliki źródłowe\backtrack_algorithms">
      <UniqueIdentifier>{fad1af48-b6e1-443a-ba1e-ef72c3d116b9}</UniqueIdentifier>
    </Filter>
    <Filter Include="Pliki źródłowe\app">
      <UniqueIdentifier>{14c85fac-151f-4cb9-be51-ce967dc4ad5d}</UniqueIdentifier>
    </Filter>
    <Filter Include="Pliki źródłowe\threads">
      <UniqueIdentifier>{1a283d9a-4093-4e98-814e-9c237ab7bfc6}</UniqueIdentifier>
    </Filter>
    <Filter Include="Pliki nagłówkowe\interfaces">
      <UniqueIdentifier>{cbcd1d2d-e3cd-4ce4-897e-698e9930dd35}</UniqueIdentifier>
    </Filter>
    <Filter Include="Pliki źródłowe\interfaces">
      <UniqueIdentifier>{8ae43d19-64c5-436c-903d-ff50d84c555d}</UniqueIdentifier>
    </Filter>
  </ItemGroup>
  <ItemGroup>
    <ClInclude Include="DFSimpl.h">
      <Filter>Pliki nagłówkowe\graph_algorithms</Filter>
    </ClInclude>
    <ClInclude Include="DijkstraSP.h">
      <Filter>Pliki nagłówkowe\graph_algorithms</Filter>
    </ClInclude>
    <ClInclude Include="AlgorithmFrame.h">
      <Filter>Pliki nagłówkowe\frames</Filter>
    </ClInclude>
    <ClInclude Include="cPathFindWindow.h">
      <Filter>Pliki nagłówkowe\frames</Filter>
    </ClInclude>
    <ClInclude Include="cBacktrackWindow.h">
      <Filter>Pliki nagłówkowe\frames</Filter>
    </ClInclude>
    <ClInclude Include="BFSimpl.h">
      <Filter>Pliki nagłówkowe\graph_algorithms</Filter>
    </ClInclude>
    <ClInclude Include="KTPImpl.h">
      <Filter>Pliki nagłówkowe\backtrack_algorithms</Filter>
    </ClInclude>
    <ClInclude Include="SudokuSolver.h">
      <Filter>Pliki nagłówkowe\backtrack_algorithms</Filter>
    </ClInclude>
    <ClInclude Include="AlgorithmThread.h">
      <Filter>Pliki nagłówkowe\threads</Filter>
    </ClInclude>
    <ClInclude Include="cApp.h">
      <Filter>Pliki nagłówkowe\app</Filter>
    </ClInclude>
    <ClInclude Include="cMain.h">
      <Filter>Pliki nagłówkowe\frames</Filter>
    </ClInclude>
    <ClInclude Include="declared_events.h">
      <Filter>Pliki nagłówkowe\side_functions</Filter>
    </ClInclude>
    <ClInclude Include="defined_colours.h">
      <Filter>Pliki nagłówkowe\side_functions</Filter>
    </ClInclude>
    <ClInclude Include="defined_typenames.h">
      <Filter>Pliki nagłówkowe\side_functions</Filter>
    </ClInclude>
    <ClInclude Include="Algorithm.h">
      <Filter>Pliki nagłówkowe\interfaces</Filter>
    </ClInclude>
    <ClInclude Include="GraphAlgorithm.h">
      <Filter>Pliki nagłówkowe\interfaces</Filter>
    </ClInclude>
    <ClInclude Include="AStar.h">
      <Filter>Pliki nagłówkowe\graph_algorithms</Filter>
    </ClInclude>
  </ItemGroup>
  <ItemGroup>
    <ClCompile Include="AlgorithmThread.cpp">
      <Filter>Pliki źródłowe\threads</Filter>
    </ClCompile>
    <ClCompile Include="AlgorithmFrame.cpp">
      <Filter>Pliki źródłowe\frames</Filter>
    </ClCompile>
    <ClCompile Include="BFSimpl.cpp">
      <Filter>Pliki źródłowe\graph_algorithms</Filter>
    </ClCompile>
    <ClCompile Include="cApp.cpp">
      <Filter>Pliki źródłowe\app</Filter>
    </ClCompile>
    <ClCompile Include="cBacktrackWindow.cpp">
      <Filter>Pliki źródłowe\frames</Filter>
    </ClCompile>
    <ClCompile Include="cMain.cpp">
      <Filter>Pliki źródłowe\app</Filter>
    </ClCompile>
    <ClCompile Include="cPathFindWindow.cpp">
      <Filter>Pliki źródłowe\frames</Filter>
    </ClCompile>
    <ClCompile Include="DFSimpl.cpp">
      <Filter>Pliki źródłowe\graph_algorithms</Filter>
    </ClCompile>
    <ClCompile Include="DijkstraSP.cpp">
      <Filter>Pliki źródłowe\graph_algorithms</Filter>
    </ClCompile>
    <ClCompile Include="KTPImpl.cpp">
      <Filter>Pliki źródłowe\backtrack_algorithms</Filter>
    </ClCompile>
    <ClCompile Include="SudokuSolver.cpp">
      <Filter>Pliki źródłowe\backtrack_algorithms</Filter>
    </ClCompile>
    <ClCompile Include="Algorithm.cpp">
      <Filter>Pliki źródłowe\interfaces</Filter>
    </ClCompile>
    <ClCompile Include="GraphAlgorithm.cpp">
      <Filter>Pliki źródłowe\interfaces</Filter>
    </ClCompile>
    <ClCompile Include="AStar.cpp">
      <Filter>Pliki źródłowe\graph_algorithms</Filter>
    </ClCompile>
  </ItemGroup>
</Project>